// !$*UTF8*$!
{
	archiveVersion = 1;
	classes = {
	};
	objectVersion = 56;
	objects = {

/* Begin PBXBuildFile section */
		4D25CF9E2C7BD4E100B7F495 /* TonePlayer.swift in Sources */ = {isa = PBXBuildFile; fileRef = 4D25CF9D2C7BD4E100B7F495 /* TonePlayer.swift */; };
		4D25CFA22C7BDD4900B7F495 /* Metronome.swift in Sources */ = {isa = PBXBuildFile; fileRef = 4D25CFA12C7BDD4900B7F495 /* Metronome.swift */; };
		4D25CFA42C7BDD5600B7F495 /* Chromatic Tuner.swift in Sources */ = {isa = PBXBuildFile; fileRef = 4D25CFA32C7BDD5600B7F495 /* Chromatic Tuner.swift */; };
		4D6A7FAF2C76994300154FF4 /* Pitch Perfect Tuner Watch App.app in Embed Watch Content */ = {isa = PBXBuildFile; fileRef = 4D6A7FAE2C76994300154FF4 /* Pitch Perfect Tuner Watch App.app */; settings = {ATTRIBUTES = (RemoveHeadersOnCopy, ); }; };
		4D6A7FB62C76994300154FF4 /* ContentView.swift in Sources */ = {isa = PBXBuildFile; fileRef = 4D6A7FB52C76994300154FF4 /* ContentView.swift */; };
		4D6A7FB82C76994400154FF4 /* Assets.xcassets in Resources */ = {isa = PBXBuildFile; fileRef = 4D6A7FB72C76994400154FF4 /* Assets.xcassets */; };
		4D6A7FBB2C76994400154FF4 /* Preview Assets.xcassets in Resources */ = {isa = PBXBuildFile; fileRef = 4D6A7FBA2C76994400154FF4 /* Preview Assets.xcassets */; };
		4D6A7FC52C76994400154FF4 /* Pitch_Perfect_Tuner_Watch_AppTests.swift in Sources */ = {isa = PBXBuildFile; fileRef = 4D6A7FC42C76994400154FF4 /* Pitch_Perfect_Tuner_Watch_AppTests.swift */; };
		4D6A7FCF2C76994400154FF4 /* Pitch_Perfect_Tuner_Watch_AppUITests.swift in Sources */ = {isa = PBXBuildFile; fileRef = 4D6A7FCE2C76994400154FF4 /* Pitch_Perfect_Tuner_Watch_AppUITests.swift */; };
		4D6A7FD12C76994400154FF4 /* Pitch_Perfect_Tuner_Watch_AppUITestsLaunchTests.swift in Sources */ = {isa = PBXBuildFile; fileRef = 4D6A7FD02C76994400154FF4 /* Pitch_Perfect_Tuner_Watch_AppUITestsLaunchTests.swift */; };
/* End PBXBuildFile section */

/* Begin PBXContainerItemProxy section */
		4D6A7FB02C76994300154FF4 /* PBXContainerItemProxy */ = {
			isa = PBXContainerItemProxy;
			containerPortal = 4D6A7FA22C76994200154FF4 /* Project object */;
			proxyType = 1;
			remoteGlobalIDString = 4D6A7FAD2C76994300154FF4;
			remoteInfo = "Pitch Perfect Tuner Watch App";
		};
		4D6A7FC12C76994400154FF4 /* PBXContainerItemProxy */ = {
			isa = PBXContainerItemProxy;
			containerPortal = 4D6A7FA22C76994200154FF4 /* Project object */;
			proxyType = 1;
			remoteGlobalIDString = 4D6A7FAD2C76994300154FF4;
			remoteInfo = "Pitch Perfect Tuner Watch App";
		};
		4D6A7FCB2C76994400154FF4 /* PBXContainerItemProxy */ = {
			isa = PBXContainerItemProxy;
			containerPortal = 4D6A7FA22C76994200154FF4 /* Project object */;
			proxyType = 1;
			remoteGlobalIDString = 4D6A7FAD2C76994300154FF4;
			remoteInfo = "Pitch Perfect Tuner Watch App";
		};
/* End PBXContainerItemProxy section */

/* Begin PBXCopyFilesBuildPhase section */
		4D6A7FD72C76994400154FF4 /* Embed Watch Content */ = {
			isa = PBXCopyFilesBuildPhase;
			buildActionMask = 2147483647;
			dstPath = "$(CONTENTS_FOLDER_PATH)/Watch";
			dstSubfolderSpec = 16;
			files = (
				4D6A7FAF2C76994300154FF4 /* Pitch Perfect Tuner Watch App.app in Embed Watch Content */,
			);
			name = "Embed Watch Content";
			runOnlyForDeploymentPostprocessing = 0;
		};
/* End PBXCopyFilesBuildPhase section */

/* Begin PBXFileReference section */
		4D25CF9D2C7BD4E100B7F495 /* TonePlayer.swift */ = {isa = PBXFileReference; lastKnownFileType = sourcecode.swift; path = TonePlayer.swift; sourceTree = "<group>"; };
		4D25CFA12C7BDD4900B7F495 /* Metronome.swift */ = {isa = PBXFileReference; lastKnownFileType = sourcecode.swift; path = Metronome.swift; sourceTree = "<group>"; };
		4D25CFA32C7BDD5600B7F495 /* Chromatic Tuner.swift */ = {isa = PBXFileReference; lastKnownFileType = sourcecode.swift; path = "Chromatic Tuner.swift"; sourceTree = "<group>"; };
		4D6A7FA82C76994300154FF4 /* Pitch Perfect Tuner.app */ = {isa = PBXFileReference; explicitFileType = wrapper.application; includeInIndex = 0; path = "Pitch Perfect Tuner.app"; sourceTree = BUILT_PRODUCTS_DIR; };
		4D6A7FAE2C76994300154FF4 /* Pitch Perfect Tuner Watch App.app */ = {isa = PBXFileReference; explicitFileType = wrapper.application; includeInIndex = 0; path = "Pitch Perfect Tuner Watch App.app"; sourceTree = BUILT_PRODUCTS_DIR; };
		4D6A7FB52C76994300154FF4 /* ContentView.swift */ = {isa = PBXFileReference; lastKnownFileType = sourcecode.swift; path = ContentView.swift; sourceTree = "<group>"; };
		4D6A7FB72C76994400154FF4 /* Assets.xcassets */ = {isa = PBXFileReference; lastKnownFileType = folder.assetcatalog; path = Assets.xcassets; sourceTree = "<group>"; };
		4D6A7FBA2C76994400154FF4 /* Preview Assets.xcassets */ = {isa = PBXFileReference; lastKnownFileType = folder.assetcatalog; path = "Preview Assets.xcassets"; sourceTree = "<group>"; };
		4D6A7FC02C76994400154FF4 /* Pitch Perfect Tuner Watch AppTests.xctest */ = {isa = PBXFileReference; explicitFileType = wrapper.cfbundle; includeInIndex = 0; path = "Pitch Perfect Tuner Watch AppTests.xctest"; sourceTree = BUILT_PRODUCTS_DIR; };
		4D6A7FC42C76994400154FF4 /* Pitch_Perfect_Tuner_Watch_AppTests.swift */ = {isa = PBXFileReference; lastKnownFileType = sourcecode.swift; path = Pitch_Perfect_Tuner_Watch_AppTests.swift; sourceTree = "<group>"; };
		4D6A7FCA2C76994400154FF4 /* Pitch Perfect Tuner Watch AppUITests.xctest */ = {isa = PBXFileReference; explicitFileType = wrapper.cfbundle; includeInIndex = 0; path = "Pitch Perfect Tuner Watch AppUITests.xctest"; sourceTree = BUILT_PRODUCTS_DIR; };
		4D6A7FCE2C76994400154FF4 /* Pitch_Perfect_Tuner_Watch_AppUITests.swift */ = {isa = PBXFileReference; lastKnownFileType = sourcecode.swift; path = Pitch_Perfect_Tuner_Watch_AppUITests.swift; sourceTree = "<group>"; };
		4D6A7FD02C76994400154FF4 /* Pitch_Perfect_Tuner_Watch_AppUITestsLaunchTests.swift */ = {isa = PBXFileReference; lastKnownFileType = sourcecode.swift; path = Pitch_Perfect_Tuner_Watch_AppUITestsLaunchTests.swift; sourceTree = "<group>"; };
		4DAE01172C796D800087E6B8 /* Pitch-Perfect-Tuner-Watch-App-Info.plist */ = {isa = PBXFileReference; lastKnownFileType = text.plist; path = "Pitch-Perfect-Tuner-Watch-App-Info.plist"; sourceTree = SOURCE_ROOT; };
/* End PBXFileReference section */

/* Begin PBXFrameworksBuildPhase section */
		4D6A7FAB2C76994300154FF4 /* Frameworks */ = {
			isa = PBXFrameworksBuildPhase;
			buildActionMask = 2147483647;
			files = (
			);
			runOnlyForDeploymentPostprocessing = 0;
		};
		4D6A7FBD2C76994400154FF4 /* Frameworks */ = {
			isa = PBXFrameworksBuildPhase;
			buildActionMask = 2147483647;
			files = (
			);
			runOnlyForDeploymentPostprocessing = 0;
		};
		4D6A7FC72C76994400154FF4 /* Frameworks */ = {
			isa = PBXFrameworksBuildPhase;
			buildActionMask = 2147483647;
			files = (
			);
			runOnlyForDeploymentPostprocessing = 0;
		};
/* End PBXFrameworksBuildPhase section */

/* Begin PBXGroup section */
		4D6A7FA12C76994200154FF4 = {
			isa = PBXGroup;
			children = (
				4D6A7FB22C76994300154FF4 /* Pitch Perfect Tuner Watch App */,
				4D6A7FC32C76994400154FF4 /* Pitch Perfect Tuner Watch AppTests */,
				4D6A7FCD2C76994400154FF4 /* Pitch Perfect Tuner Watch AppUITests */,
				4D6A7FA92C76994300154FF4 /* Products */,
			);
			sourceTree = "<group>";
		};
		4D6A7FA92C76994300154FF4 /* Products */ = {
			isa = PBXGroup;
			children = (
				4D6A7FA82C76994300154FF4 /* Pitch Perfect Tuner.app */,
				4D6A7FAE2C76994300154FF4 /* Pitch Perfect Tuner Watch App.app */,
				4D6A7FC02C76994400154FF4 /* Pitch Perfect Tuner Watch AppTests.xctest */,
				4D6A7FCA2C76994400154FF4 /* Pitch Perfect Tuner Watch AppUITests.xctest */,
			);
			name = Products;
			sourceTree = "<group>";
		};
		4D6A7FB22C76994300154FF4 /* Pitch Perfect Tuner Watch App */ = {
			isa = PBXGroup;
			children = (
				4D25CFA12C7BDD4900B7F495 /* Metronome.swift */,
				4D25CFA32C7BDD5600B7F495 /* Chromatic Tuner.swift */,
				4D25CF9D2C7BD4E100B7F495 /* TonePlayer.swift */,
				4DAE01172C796D800087E6B8 /* Pitch-Perfect-Tuner-Watch-App-Info.plist */,
				4D6A7FB52C76994300154FF4 /* ContentView.swift */,
				4D6A7FB72C76994400154FF4 /* Assets.xcassets */,
				4D6A7FB92C76994400154FF4 /* Preview Content */,
			);
			path = "Pitch Perfect Tuner Watch App";
			sourceTree = "<group>";
		};
		4D6A7FB92C76994400154FF4 /* Preview Content */ = {
			isa = PBXGroup;
			children = (
				4D6A7FBA2C76994400154FF4 /* Preview Assets.xcassets */,
			);
			path = "Preview Content";
			sourceTree = "<group>";
		};
		4D6A7FC32C76994400154FF4 /* Pitch Perfect Tuner Watch AppTests */ = {
			isa = PBXGroup;
			children = (
				4D6A7FC42C76994400154FF4 /* Pitch_Perfect_Tuner_Watch_AppTests.swift */,
			);
			path = "Pitch Perfect Tuner Watch AppTests";
			sourceTree = "<group>";
		};
		4D6A7FCD2C76994400154FF4 /* Pitch Perfect Tuner Watch AppUITests */ = {
			isa = PBXGroup;
			children = (
				4D6A7FCE2C76994400154FF4 /* Pitch_Perfect_Tuner_Watch_AppUITests.swift */,
				4D6A7FD02C76994400154FF4 /* Pitch_Perfect_Tuner_Watch_AppUITestsLaunchTests.swift */,
			);
			path = "Pitch Perfect Tuner Watch AppUITests";
			sourceTree = "<group>";
		};
/* End PBXGroup section */

/* Begin PBXNativeTarget section */
		4D6A7FA72C76994300154FF4 /* Pitch Perfect Tuner */ = {
			isa = PBXNativeTarget;
			buildConfigurationList = 4D6A7FD82C76994400154FF4 /* Build configuration list for PBXNativeTarget "Pitch Perfect Tuner" */;
			buildPhases = (
				4D6A7FA62C76994300154FF4 /* Resources */,
				4D6A7FD72C76994400154FF4 /* Embed Watch Content */,
			);
			buildRules = (
			);
			dependencies = (
				4D6A7FB12C76994300154FF4 /* PBXTargetDependency */,
			);
			name = "Pitch Perfect Tuner";
			productName = "Pitch Perfect Tuner";
			productReference = 4D6A7FA82C76994300154FF4 /* Pitch Perfect Tuner.app */;
			productType = "com.apple.product-type.application.watchapp2-container";
		};
		4D6A7FAD2C76994300154FF4 /* Pitch Perfect Tuner Watch App */ = {
			isa = PBXNativeTarget;
			buildConfigurationList = 4D6A7FD42C76994400154FF4 /* Build configuration list for PBXNativeTarget "Pitch Perfect Tuner Watch App" */;
			buildPhases = (
				4D6A7FAA2C76994300154FF4 /* Sources */,
				4D6A7FAB2C76994300154FF4 /* Frameworks */,
				4D6A7FAC2C76994300154FF4 /* Resources */,
			);
			buildRules = (
			);
			dependencies = (
			);
			name = "Pitch Perfect Tuner Watch App";
			productName = "Pitch Perfect Tuner Watch App";
			productReference = 4D6A7FAE2C76994300154FF4 /* Pitch Perfect Tuner Watch App.app */;
			productType = "com.apple.product-type.application";
		};
		4D6A7FBF2C76994400154FF4 /* Pitch Perfect Tuner Watch AppTests */ = {
			isa = PBXNativeTarget;
			buildConfigurationList = 4D6A7FDB2C76994400154FF4 /* Build configuration list for PBXNativeTarget "Pitch Perfect Tuner Watch AppTests" */;
			buildPhases = (
				4D6A7FBC2C76994400154FF4 /* Sources */,
				4D6A7FBD2C76994400154FF4 /* Frameworks */,
				4D6A7FBE2C76994400154FF4 /* Resources */,
			);
			buildRules = (
			);
			dependencies = (
				4D6A7FC22C76994400154FF4 /* PBXTargetDependency */,
			);
			name = "Pitch Perfect Tuner Watch AppTests";
			productName = "Pitch Perfect Tuner Watch AppTests";
			productReference = 4D6A7FC02C76994400154FF4 /* Pitch Perfect Tuner Watch AppTests.xctest */;
			productType = "com.apple.product-type.bundle.unit-test";
		};
		4D6A7FC92C76994400154FF4 /* Pitch Perfect Tuner Watch AppUITests */ = {
			isa = PBXNativeTarget;
			buildConfigurationList = 4D6A7FDE2C76994400154FF4 /* Build configuration list for PBXNativeTarget "Pitch Perfect Tuner Watch AppUITests" */;
			buildPhases = (
				4D6A7FC62C76994400154FF4 /* Sources */,
				4D6A7FC72C76994400154FF4 /* Frameworks */,
				4D6A7FC82C76994400154FF4 /* Resources */,
			);
			buildRules = (
			);
			dependencies = (
				4D6A7FCC2C76994400154FF4 /* PBXTargetDependency */,
			);
			name = "Pitch Perfect Tuner Watch AppUITests";
			productName = "Pitch Perfect Tuner Watch AppUITests";
			productReference = 4D6A7FCA2C76994400154FF4 /* Pitch Perfect Tuner Watch AppUITests.xctest */;
			productType = "com.apple.product-type.bundle.ui-testing";
		};
/* End PBXNativeTarget section */

/* Begin PBXProject section */
		4D6A7FA22C76994200154FF4 /* Project object */ = {
			isa = PBXProject;
			attributes = {
				BuildIndependentTargetsInParallel = 1;
				LastSwiftUpdateCheck = 1540;
				LastUpgradeCheck = 1540;
				TargetAttributes = {
					4D6A7FA72C76994300154FF4 = {
						CreatedOnToolsVersion = 15.4;
					};
					4D6A7FAD2C76994300154FF4 = {
						CreatedOnToolsVersion = 15.4;
					};
					4D6A7FBF2C76994400154FF4 = {
						CreatedOnToolsVersion = 15.4;
						TestTargetID = 4D6A7FAD2C76994300154FF4;
					};
					4D6A7FC92C76994400154FF4 = {
						CreatedOnToolsVersion = 15.4;
						TestTargetID = 4D6A7FAD2C76994300154FF4;
					};
				};
			};
			buildConfigurationList = 4D6A7FA52C76994200154FF4 /* Build configuration list for PBXProject "Pitch Perfect Tuner" */;
			compatibilityVersion = "Xcode 14.0";
			developmentRegion = en;
			hasScannedForEncodings = 0;
			knownRegions = (
				en,
				Base,
			);
			mainGroup = 4D6A7FA12C76994200154FF4;
			productRefGroup = 4D6A7FA92C76994300154FF4 /* Products */;
			projectDirPath = "";
			projectRoot = "";
			targets = (
				4D6A7FA72C76994300154FF4 /* Pitch Perfect Tuner */,
				4D6A7FAD2C76994300154FF4 /* Pitch Perfect Tuner Watch App */,
				4D6A7FBF2C76994400154FF4 /* Pitch Perfect Tuner Watch AppTests */,
				4D6A7FC92C76994400154FF4 /* Pitch Perfect Tuner Watch AppUITests */,
			);
		};
/* End PBXProject section */

/* Begin PBXResourcesBuildPhase section */
		4D6A7FA62C76994300154FF4 /* Resources */ = {
			isa = PBXResourcesBuildPhase;
			buildActionMask = 2147483647;
			files = (
			);
			runOnlyForDeploymentPostprocessing = 0;
		};
		4D6A7FAC2C76994300154FF4 /* Resources */ = {
			isa = PBXResourcesBuildPhase;
			buildActionMask = 2147483647;
			files = (
				4D6A7FBB2C76994400154FF4 /* Preview Assets.xcassets in Resources */,
				4D6A7FB82C76994400154FF4 /* Assets.xcassets in Resources */,
			);
			runOnlyForDeploymentPostprocessing = 0;
		};
		4D6A7FBE2C76994400154FF4 /* Resources */ = {
			isa = PBXResourcesBuildPhase;
			buildActionMask = 2147483647;
			files = (
			);
			runOnlyForDeploymentPostprocessing = 0;
		};
		4D6A7FC82C76994400154FF4 /* Resources */ = {
			isa = PBXResourcesBuildPhase;
			buildActionMask = 2147483647;
			files = (
			);
			runOnlyForDeploymentPostprocessing = 0;
		};
/* End PBXResourcesBuildPhase section */

/* Begin PBXSourcesBuildPhase section */
		4D6A7FAA2C76994300154FF4 /* Sources */ = {
			isa = PBXSourcesBuildPhase;
			buildActionMask = 2147483647;
			files = (
				4D25CFA42C7BDD5600B7F495 /* Chromatic Tuner.swift in Sources */,
				4D25CFA22C7BDD4900B7F495 /* Metronome.swift in Sources */,
				4D25CF9E2C7BD4E100B7F495 /* TonePlayer.swift in Sources */,
				4D6A7FB62C76994300154FF4 /* ContentView.swift in Sources */,
			);
			runOnlyForDeploymentPostprocessing = 0;
		};
		4D6A7FBC2C76994400154FF4 /* Sources */ = {
			isa = PBXSourcesBuildPhase;
			buildActionMask = 2147483647;
			files = (
				4D6A7FC52C76994400154FF4 /* Pitch_Perfect_Tuner_Watch_AppTests.swift in Sources */,
			);
			runOnlyForDeploymentPostprocessing = 0;
		};
		4D6A7FC62C76994400154FF4 /* Sources */ = {
			isa = PBXSourcesBuildPhase;
			buildActionMask = 2147483647;
			files = (
				4D6A7FD12C76994400154FF4 /* Pitch_Perfect_Tuner_Watch_AppUITestsLaunchTests.swift in Sources */,
				4D6A7FCF2C76994400154FF4 /* Pitch_Perfect_Tuner_Watch_AppUITests.swift in Sources */,
			);
			runOnlyForDeploymentPostprocessing = 0;
		};
/* End PBXSourcesBuildPhase section */

/* Begin PBXTargetDependency section */
		4D6A7FB12C76994300154FF4 /* PBXTargetDependency */ = {
			isa = PBXTargetDependency;
			target = 4D6A7FAD2C76994300154FF4 /* Pitch Perfect Tuner Watch App */;
			targetProxy = 4D6A7FB02C76994300154FF4 /* PBXContainerItemProxy */;
		};
		4D6A7FC22C76994400154FF4 /* PBXTargetDependency */ = {
			isa = PBXTargetDependency;
			target = 4D6A7FAD2C76994300154FF4 /* Pitch Perfect Tuner Watch App */;
			targetProxy = 4D6A7FC12C76994400154FF4 /* PBXContainerItemProxy */;
		};
		4D6A7FCC2C76994400154FF4 /* PBXTargetDependency */ = {
			isa = PBXTargetDependency;
			target = 4D6A7FAD2C76994300154FF4 /* Pitch Perfect Tuner Watch App */;
			targetProxy = 4D6A7FCB2C76994400154FF4 /* PBXContainerItemProxy */;
		};
/* End PBXTargetDependency section */

/* Begin XCBuildConfiguration section */
		4D6A7FD22C76994400154FF4 /* Debug */ = {
			isa = XCBuildConfiguration;
			buildSettings = {
				ALWAYS_SEARCH_USER_PATHS = NO;
				ASSETCATALOG_COMPILER_GENERATE_SWIFT_ASSET_SYMBOL_EXTENSIONS = YES;
				CLANG_ANALYZER_NONNULL = YES;
				CLANG_ANALYZER_NUMBER_OBJECT_CONVERSION = YES_AGGRESSIVE;
				CLANG_CXX_LANGUAGE_STANDARD = "gnu++20";
				CLANG_ENABLE_MODULES = YES;
				CLANG_ENABLE_OBJC_ARC = YES;
				CLANG_ENABLE_OBJC_WEAK = YES;
				CLANG_WARN_BLOCK_CAPTURE_AUTORELEASING = YES;
				CLANG_WARN_BOOL_CONVERSION = YES;
				CLANG_WARN_COMMA = YES;
				CLANG_WARN_CONSTANT_CONVERSION = YES;
				CLANG_WARN_DEPRECATED_OBJC_IMPLEMENTATIONS = YES;
				CLANG_WARN_DIRECT_OBJC_ISA_USAGE = YES_ERROR;
				CLANG_WARN_DOCUMENTATION_COMMENTS = YES;
				CLANG_WARN_EMPTY_BODY = YES;
				CLANG_WARN_ENUM_CONVERSION = YES;
				CLANG_WARN_INFINITE_RECURSION = YES;
				CLANG_WARN_INT_CONVERSION = YES;
				CLANG_WARN_NON_LITERAL_NULL_CONVERSION = YES;
				CLANG_WARN_OBJC_IMPLICIT_RETAIN_SELF = YES;
				CLANG_WARN_OBJC_LITERAL_CONVERSION = YES;
				CLANG_WARN_OBJC_ROOT_CLASS = YES_ERROR;
				CLANG_WARN_QUOTED_INCLUDE_IN_FRAMEWORK_HEADER = YES;
				CLANG_WARN_RANGE_LOOP_ANALYSIS = YES;
				CLANG_WARN_STRICT_PROTOTYPES = YES;
				CLANG_WARN_SUSPICIOUS_MOVE = YES;
				CLANG_WARN_UNGUARDED_AVAILABILITY = YES_AGGRESSIVE;
				CLANG_WARN_UNREACHABLE_CODE = YES;
				CLANG_WARN__DUPLICATE_METHOD_MATCH = YES;
				COPY_PHASE_STRIP = NO;
				DEBUG_INFORMATION_FORMAT = dwarf;
				ENABLE_STRICT_OBJC_MSGSEND = YES;
				ENABLE_TESTABILITY = YES;
				ENABLE_USER_SCRIPT_SANDBOXING = YES;
				GCC_C_LANGUAGE_STANDARD = gnu17;
				GCC_DYNAMIC_NO_PIC = NO;
				GCC_NO_COMMON_BLOCKS = YES;
				GCC_OPTIMIZATION_LEVEL = 0;
				GCC_PREPROCESSOR_DEFINITIONS = (
					"DEBUG=1",
					"$(inherited)",
				);
				GCC_WARN_64_TO_32_BIT_CONVERSION = YES;
				GCC_WARN_ABOUT_RETURN_TYPE = YES_ERROR;
				GCC_WARN_UNDECLARED_SELECTOR = YES;
				GCC_WARN_UNINITIALIZED_AUTOS = YES_AGGRESSIVE;
				GCC_WARN_UNUSED_FUNCTION = YES;
				GCC_WARN_UNUSED_VARIABLE = YES;
				LOCALIZATION_PREFERS_STRING_CATALOGS = YES;
				MTL_ENABLE_DEBUG_INFO = INCLUDE_SOURCE;
				MTL_FAST_MATH = YES;
				ONLY_ACTIVE_ARCH = YES;
				SWIFT_ACTIVE_COMPILATION_CONDITIONS = "DEBUG $(inherited)";
				SWIFT_OPTIMIZATION_LEVEL = "-Onone";
			};
			name = Debug;
		};
		4D6A7FD32C76994400154FF4 /* Release */ = {
			isa = XCBuildConfiguration;
			buildSettings = {
				ALWAYS_SEARCH_USER_PATHS = NO;
				ASSETCATALOG_COMPILER_GENERATE_SWIFT_ASSET_SYMBOL_EXTENSIONS = YES;
				CLANG_ANALYZER_NONNULL = YES;
				CLANG_ANALYZER_NUMBER_OBJECT_CONVERSION = YES_AGGRESSIVE;
				CLANG_CXX_LANGUAGE_STANDARD = "gnu++20";
				CLANG_ENABLE_MODULES = YES;
				CLANG_ENABLE_OBJC_ARC = YES;
				CLANG_ENABLE_OBJC_WEAK = YES;
				CLANG_WARN_BLOCK_CAPTURE_AUTORELEASING = YES;
				CLANG_WARN_BOOL_CONVERSION = YES;
				CLANG_WARN_COMMA = YES;
				CLANG_WARN_CONSTANT_CONVERSION = YES;
				CLANG_WARN_DEPRECATED_OBJC_IMPLEMENTATIONS = YES;
				CLANG_WARN_DIRECT_OBJC_ISA_USAGE = YES_ERROR;
				CLANG_WARN_DOCUMENTATION_COMMENTS = YES;
				CLANG_WARN_EMPTY_BODY = YES;
				CLANG_WARN_ENUM_CONVERSION = YES;
				CLANG_WARN_INFINITE_RECURSION = YES;
				CLANG_WARN_INT_CONVERSION = YES;
				CLANG_WARN_NON_LITERAL_NULL_CONVERSION = YES;
				CLANG_WARN_OBJC_IMPLICIT_RETAIN_SELF = YES;
				CLANG_WARN_OBJC_LITERAL_CONVERSION = YES;
				CLANG_WARN_OBJC_ROOT_CLASS = YES_ERROR;
				CLANG_WARN_QUOTED_INCLUDE_IN_FRAMEWORK_HEADER = YES;
				CLANG_WARN_RANGE_LOOP_ANALYSIS = YES;
				CLANG_WARN_STRICT_PROTOTYPES = YES;
				CLANG_WARN_SUSPICIOUS_MOVE = YES;
				CLANG_WARN_UNGUARDED_AVAILABILITY = YES_AGGRESSIVE;
				CLANG_WARN_UNREACHABLE_CODE = YES;
				CLANG_WARN__DUPLICATE_METHOD_MATCH = YES;
				COPY_PHASE_STRIP = NO;
				DEBUG_INFORMATION_FORMAT = "dwarf-with-dsym";
				ENABLE_NS_ASSERTIONS = NO;
				ENABLE_STRICT_OBJC_MSGSEND = YES;
				ENABLE_USER_SCRIPT_SANDBOXING = YES;
				GCC_C_LANGUAGE_STANDARD = gnu17;
				GCC_NO_COMMON_BLOCKS = YES;
				GCC_WARN_64_TO_32_BIT_CONVERSION = YES;
				GCC_WARN_ABOUT_RETURN_TYPE = YES_ERROR;
				GCC_WARN_UNDECLARED_SELECTOR = YES;
				GCC_WARN_UNINITIALIZED_AUTOS = YES_AGGRESSIVE;
				GCC_WARN_UNUSED_FUNCTION = YES;
				GCC_WARN_UNUSED_VARIABLE = YES;
				LOCALIZATION_PREFERS_STRING_CATALOGS = YES;
				MTL_ENABLE_DEBUG_INFO = NO;
				MTL_FAST_MATH = YES;
				SWIFT_COMPILATION_MODE = wholemodule;
			};
			name = Release;
		};
		4D6A7FD52C76994400154FF4 /* Debug */ = {
			isa = XCBuildConfiguration;
			buildSettings = {
				ASSETCATALOG_COMPILER_APPICON_NAME = AppIcon;
				ASSETCATALOG_COMPILER_GLOBAL_ACCENT_COLOR_NAME = AccentColor;
				CODE_SIGN_STYLE = Automatic;
				CURRENT_PROJECT_VERSION = 1.2;
				DEVELOPMENT_ASSET_PATHS = "\"Pitch Perfect Tuner Watch App/Preview Content\"";
				DEVELOPMENT_TEAM = 6FF928HX3W;
				ENABLE_PREVIEWS = YES;
				GENERATE_INFOPLIST_FILE = YES;
				INFOPLIST_FILE = "Pitch-Perfect-Tuner-Watch-App-Info.plist";
				INFOPLIST_KEY_CFBundleDisplayName = "Pitch Perfect Tuner";
				INFOPLIST_KEY_NSMicrophoneUsageDescription = "Your app needs access to the microphone to detect pitch.";
				INFOPLIST_KEY_UISupportedInterfaceOrientations = "UIInterfaceOrientationPortrait UIInterfaceOrientationPortraitUpsideDown";
				INFOPLIST_KEY_WKWatchOnly = YES;
				LD_RUNPATH_SEARCH_PATHS = (
					"$(inherited)",
					"@executable_path/Frameworks",
				);
				MARKETING_VERSION = 1.2;
				PRODUCT_BUNDLE_IDENTIFIER = "Cho.Pitch-Perfect-Tuner.watchkitapp";
				PRODUCT_NAME = "$(TARGET_NAME)";
				SDKROOT = watchos;
				SKIP_INSTALL = YES;
				SWIFT_EMIT_LOC_STRINGS = YES;
				SWIFT_VERSION = 5.0;
				TARGETED_DEVICE_FAMILY = 4;
				WATCHOS_DEPLOYMENT_TARGET = 10.5;
			};
			name = Debug;
		};
		4D6A7FD62C76994400154FF4 /* Release */ = {
			isa = XCBuildConfiguration;
			buildSettings = {
				ASSETCATALOG_COMPILER_APPICON_NAME = AppIcon;
				ASSETCATALOG_COMPILER_GLOBAL_ACCENT_COLOR_NAME = AccentColor;
				CODE_SIGN_STYLE = Automatic;
				CURRENT_PROJECT_VERSION = 1.2;
				DEVELOPMENT_ASSET_PATHS = "\"Pitch Perfect Tuner Watch App/Preview Content\"";
				DEVELOPMENT_TEAM = 6FF928HX3W;
				ENABLE_PREVIEWS = YES;
				GENERATE_INFOPLIST_FILE = YES;
				INFOPLIST_FILE = "Pitch-Perfect-Tuner-Watch-App-Info.plist";
				INFOPLIST_KEY_CFBundleDisplayName = "Pitch Perfect Tuner";
				INFOPLIST_KEY_NSMicrophoneUsageDescription = "Your app needs access to the microphone to detect pitch.";
				INFOPLIST_KEY_UISupportedInterfaceOrientations = "UIInterfaceOrientationPortrait UIInterfaceOrientationPortraitUpsideDown";
				INFOPLIST_KEY_WKWatchOnly = YES;
				LD_RUNPATH_SEARCH_PATHS = (
					"$(inherited)",
					"@executable_path/Frameworks",
				);
				MARKETING_VERSION = 1.2;
				PRODUCT_BUNDLE_IDENTIFIER = "Cho.Pitch-Perfect-Tuner.watchkitapp";
				PRODUCT_NAME = "$(TARGET_NAME)";
				SDKROOT = watchos;
				SKIP_INSTALL = YES;
				SWIFT_EMIT_LOC_STRINGS = YES;
				SWIFT_VERSION = 5.0;
				TARGETED_DEVICE_FAMILY = 4;
				VALIDATE_PRODUCT = YES;
				WATCHOS_DEPLOYMENT_TARGET = 10.5;
			};
			name = Release;
		};
		4D6A7FD92C76994400154FF4 /* Debug */ = {
			isa = XCBuildConfiguration;
			buildSettings = {
				ALWAYS_EMBED_SWIFT_STANDARD_LIBRARIES = YES;
				CODE_SIGN_STYLE = Automatic;
				CURRENT_PROJECT_VERSION = 1.2;
				DEVELOPMENT_TEAM = 6FF928HX3W;
				INFOPLIST_KEY_CFBundleDisplayName = "Pitch Perfect Tuner";
				MARKETING_VERSION = 1.2;
				PRODUCT_BUNDLE_IDENTIFIER = "Cho.Pitch-Perfect-Tuner";
				PRODUCT_NAME = "$(TARGET_NAME)";
				SDKROOT = iphoneos;
				SWIFT_VERSION = 5.0;
			};
			name = Debug;
		};
		4D6A7FDA2C76994400154FF4 /* Release */ = {
			isa = XCBuildConfiguration;
			buildSettings = {
				ALWAYS_EMBED_SWIFT_STANDARD_LIBRARIES = YES;
				CODE_SIGN_STYLE = Automatic;
				CURRENT_PROJECT_VERSION = 1.2;
				DEVELOPMENT_TEAM = 6FF928HX3W;
				INFOPLIST_KEY_CFBundleDisplayName = "Pitch Perfect Tuner";
				MARKETING_VERSION = 1.2;
				PRODUCT_BUNDLE_IDENTIFIER = "Cho.Pitch-Perfect-Tuner";
				PRODUCT_NAME = "$(TARGET_NAME)";
				SDKROOT = iphoneos;
				SWIFT_VERSION = 5.0;
				VALIDATE_PRODUCT = YES;
			};
			name = Release;
		};
		4D6A7FDC2C76994400154FF4 /* Debug */ = {
			isa = XCBuildConfiguration;
			buildSettings = {
				ALWAYS_EMBED_SWIFT_STANDARD_LIBRARIES = YES;
				BUNDLE_LOADER = "$(TEST_HOST)";
				CODE_SIGN_STYLE = Automatic;
				CURRENT_PROJECT_VERSION = 1.2;
				DEVELOPMENT_TEAM = 6FF928HX3W;
				GENERATE_INFOPLIST_FILE = YES;
				MARKETING_VERSION = 1.2;
				PRODUCT_BUNDLE_IDENTIFIER = "Cho.Pitch-Perfect-Tuner-Watch-AppTests";
				PRODUCT_NAME = "$(TARGET_NAME)";
				SDKROOT = watchos;
				SWIFT_EMIT_LOC_STRINGS = NO;
				SWIFT_VERSION = 5.0;
				TARGETED_DEVICE_FAMILY = 4;
				TEST_HOST = "$(BUILT_PRODUCTS_DIR)/Pitch Perfect Tuner Watch App.app/$(BUNDLE_EXECUTABLE_FOLDER_PATH)/Pitch Perfect Tuner Watch App";
				WATCHOS_DEPLOYMENT_TARGET = 10.5;
			};
			name = Debug;
		};
		4D6A7FDD2C76994400154FF4 /* Release */ = {
			isa = XCBuildConfiguration;
			buildSettings = {
				ALWAYS_EMBED_SWIFT_STANDARD_LIBRARIES = YES;
				BUNDLE_LOADER = "$(TEST_HOST)";
				CODE_SIGN_STYLE = Automatic;
				CURRENT_PROJECT_VERSION = 1.2;
				DEVELOPMENT_TEAM = 6FF928HX3W;
				GENERATE_INFOPLIST_FILE = YES;
				MARKETING_VERSION = 1.2;
				PRODUCT_BUNDLE_IDENTIFIER = "Cho.Pitch-Perfect-Tuner-Watch-AppTests";
				PRODUCT_NAME = "$(TARGET_NAME)";
				SDKROOT = watchos;
				SWIFT_EMIT_LOC_STRINGS = NO;
				SWIFT_VERSION = 5.0;
				TARGETED_DEVICE_FAMILY = 4;
				TEST_HOST = "$(BUILT_PRODUCTS_DIR)/Pitch Perfect Tuner Watch App.app/$(BUNDLE_EXECUTABLE_FOLDER_PATH)/Pitch Perfect Tuner Watch App";
				VALIDATE_PRODUCT = YES;
				WATCHOS_DEPLOYMENT_TARGET = 10.5;
			};
			name = Release;
		};
		4D6A7FDF2C76994400154FF4 /* Debug */ = {
			isa = XCBuildConfiguration;
			buildSettings = {
				ALWAYS_EMBED_SWIFT_STANDARD_LIBRARIES = YES;
				CODE_SIGN_STYLE = Automatic;
				CURRENT_PROJECT_VERSION = 1.2;
				DEVELOPMENT_TEAM = 6FF928HX3W;
				GENERATE_INFOPLIST_FILE = YES;
				MARKETING_VERSION = 1.2;
				PRODUCT_BUNDLE_IDENTIFIER = "Cho.Pitch-Perfect-Tuner-Watch-AppUITests";
				PRODUCT_NAME = "$(TARGET_NAME)";
				SDKROOT = watchos;
				SWIFT_EMIT_LOC_STRINGS = NO;
				SWIFT_VERSION = 5.0;
				TARGETED_DEVICE_FAMILY = 4;
				TEST_TARGET_NAME = "Pitch Perfect Tuner Watch App";
				WATCHOS_DEPLOYMENT_TARGET = 10.5;
			};
			name = Debug;
		};
		4D6A7FE02C76994400154FF4 /* Release */ = {
			isa = XCBuildConfiguration;
			buildSettings = {
				ALWAYS_EMBED_SWIFT_STANDARD_LIBRARIES = YES;
				CODE_SIGN_STYLE = Automatic;
				CURRENT_PROJECT_VERSION = 1.2;
				DEVELOPMENT_TEAM = 6FF928HX3W;
				GENERATE_INFOPLIST_FILE = YES;
				MARKETING_VERSION = 1.2;
				PRODUCT_BUNDLE_IDENTIFIER = "Cho.Pitch-Perfect-Tuner-Watch-AppUITests";
				PRODUCT_NAME = "$(TARGET_NAME)";
				SDKROOT = watchos;
				SWIFT_EMIT_LOC_STRINGS = NO;
				SWIFT_VERSION = 5.0;
				TARGETED_DEVICE_FAMILY = 4;
				TEST_TARGET_NAME = "Pitch Perfect Tuner Watch App";
				VALIDATE_PRODUCT = YES;
				WATCHOS_DEPLOYMENT_TARGET = 10.5;
			};
			name = Release;
		};
/* End XCBuildConfiguration section */

/* Begin XCConfigurationList section */
		4D6A7FA52C76994200154FF4 /* Build configuration list for PBXProject "Pitch Perfect Tuner" */ = {
			isa = XCConfigurationList;
			buildConfigurations = (
				4D6A7FD22C76994400154FF4 /* Debug */,
				4D6A7FD32C76994400154FF4 /* Release */,
			);
			defaultConfigurationIsVisible = 0;
			defaultConfigurationName = Release;
		};
		4D6A7FD42C76994400154FF4 /* Build configuration list for PBXNativeTarget "Pitch Perfect Tuner Watch App" */ = {
			isa = XCConfigurationList;
			buildConfigurations = (
				4D6A7FD52C76994400154FF4 /* Debug */,
				4D6A7FD62C76994400154FF4 /* Release */,
			);
			defaultConfigurationIsVisible = 0;
			defaultConfigurationName = Release;
		};
		4D6A7FD82C76994400154FF4 /* Build configuration list for PBXNativeTarget "Pitch Perfect Tuner" */ = {
			isa = XCConfigurationList;
			buildConfigurations = (
				4D6A7FD92C76994400154FF4 /* Debug */,
				4D6A7FDA2C76994400154FF4 /* Release */,
			);
			defaultConfigurationIsVisible = 0;
			defaultConfigurationName = Release;
		};
		4D6A7FDB2C76994400154FF4 /* Build configuration list for PBXNativeTarget "Pitch Perfect Tuner Watch AppTests" */ = {
			isa = XCConfigurationList;
			buildConfigurations = (
				4D6A7FDC2C76994400154FF4 /* Debug */,
				4D6A7FDD2C76994400154FF4 /* Release */,
			);
			defaultConfigurationIsVisible = 0;
			defaultConfigurationName = Release;
		};
		4D6A7FDE2C76994400154FF4 /* Build configuration list for PBXNativeTarget "Pitch Perfect Tuner Watch AppUITests" */ = {
			isa = XCConfigurationList;
			buildConfigurations = (
				4D6A7FDF2C76994400154FF4 /* Debug */,
				4D6A7FE02C76994400154FF4 /* Release */,
			);
			defaultConfigurationIsVisible = 0;
			defaultConfigurationName = Release;
		};
/* End XCConfigurationList section */
	};
	rootObject = 4D6A7FA22C76994200154FF4 /* Project object */;
}
